
Microsoft Visual Studio Solution File, Format Version 12.00
# Visual Studio Version 16
VisualStudioVersion = 16.0.810.22
MinimumVisualStudioVersion = 10.0.40219.1
Project("{FAE04EC0-301F-11D3-BF4B-00C04F79EFBC}") = "systemsecurity", "sysemsecure\systemsecurity.csproj", "{52B7E593-6E07-4DB5-8ED3-F689E9FCAEEB}"
EndProject
Global
	GlobalSection(SolutionConfigurationPlatforms) = preSolution
		Debug|Any CPU = Debug|Any CPU
		Release|Any CPU = Release|Any CPU
	EndGlobalSection
	GlobalSection(ProjectConfigurationPlatforms) = postSolution
		{52B7E593-6E07-4DB5-8ED3-F689E9FCAEEB}.Debug|Any CPU.ActiveCfg = Debug|Any CPU
		{52B7E593-6E07-4DB5-8ED3-F689E9FCAEEB}.Debug|Any CPU.Build.0 = Debug|Any CPU
		{52B7E593-6E07-4DB5-8ED3-F689E9FCAEEB}.Release|Any CPU.ActiveCfg = Release|Any CPU
		{52B7E593-6E07-4DB5-8ED3-F689E9FCAEEB}.Release|Any CPU.Build.0 = Release|Any CPU
	EndGlobalSection
	GlobalSection(SolutionProperties) = preSolution
		HideSolutionNode = FALSE
	EndGlobalSection
	GlobalSection(ExtensibilityGlobals) = postSolution
		SolutionGuid = {01E22A7A-269D-4F44-8C1A-2C47F3EA3ED1}
	EndGlobalSection
EndGlobal
